// !$*UTF8*$!
{
	archiveVersion = 1;
	classes = {
	};
	objectVersion = 46;
	objects = {

/* Begin PBXBuildFile section */
		619A4FAF1DB9458F00E1CF88 /* AppDelegate.swift in Sources */ = {isa = PBXBuildFile; fileRef = 619A4FAE1DB9458F00E1CF88 /* AppDelegate.swift */; };
		619A4FB11DB9458F00E1CF88 /* ViewController.swift in Sources */ = {isa = PBXBuildFile; fileRef = 619A4FB01DB9458F00E1CF88 /* ViewController.swift */; };
		619A4FB41DB9458F00E1CF88 /* Main.storyboard in Resources */ = {isa = PBXBuildFile; fileRef = 619A4FB21DB9458F00E1CF88 /* Main.storyboard */; };
		619A4FB61DB9458F00E1CF88 /* Assets.xcassets in Resources */ = {isa = PBXBuildFile; fileRef = 619A4FB51DB9458F00E1CF88 /* Assets.xcassets */; };
		619A4FB91DB9458F00E1CF88 /* LaunchScreen.storyboard in Resources */ = {isa = PBXBuildFile; fileRef = 619A4FB71DB9458F00E1CF88 /* LaunchScreen.storyboard */; };
/* End PBXBuildFile section */

/* Begin PBXFileReference section */
		619A4FAB1DB9458E00E1CF88 /* TheOneDetector.app */ = {isa = PBXFileReference; explicitFileType = wrapper.application; includeInIndex = 0; path = TheOneDetector.app; sourceTree = BUILT_PRODUCTS_DIR; };
		619A4FAE1DB9458F00E1CF88 /* AppDelegate.swift */ = {isa = PBXFileReference; lastKnownFileType = sourcecode.swift; path = AppDelegate.swift; sourceTree = "<group>"; };
		619A4FB01DB9458F00E1CF88 /* ViewController.swift */ = {isa = PBXFileReference; lastKnownFileType = sourcecode.swift; path = ViewController.swift; sourceTree = "<group>"; };
		619A4FB31DB9458F00E1CF88 /* Base */ = {isa = PBXFileReference; lastKnownFileType = file.storyboard; name = Base; path = Base.lproj/Main.storyboard; sourceTree = "<group>"; };
		619A4FB51DB9458F00E1CF88 /* Assets.xcassets */ = {isa = PBXFileReference; lastKnownFileType = folder.assetcatalog; path = Assets.xcassets; sourceTree = "<group>"; };
		619A4FB81DB9458F00E1CF88 /* Base */ = {isa = PBXFileReference; lastKnownFileType = file.storyboard; name = Base; path = Base.lproj/LaunchScreen.storyboard; sourceTree = "<group>"; };
		619A4FBA1DB9458F00E1CF88 /* Info.plist */ = {isa = PBXFileReference; lastKnownFileType = text.plist.xml; path = Info.plist; sourceTree = "<group>"; };
/* End PBXFileReference section */

/* Begin PBXFrameworksBuildPhase section */
		619A4FA81DB9458E00E1CF88 /* Frameworks */ = {
			isa = PBXFrameworksBuildPhase;
			buildActionMask = 2147483647;
			files = (
			);
			runOnlyForDeploymentPostprocessing = 0;
		};
/* End PBXFrameworksBuildPhase section */

/* Begin PBXGroup section */
		619A4FA21DB9458E00E1CF88 = {
			isa = PBXGroup;
			children = (
				619A4FAD1DB9458E00E1CF88 /* TheOneDetector */,
				619A4FAC1DB9458E00E1CF88 /* Products */,
			);
			sourceTree = "<group>";
		};
		619A4FAC1DB9458E00E1CF88 /* Products */ = {
			isa = PBXGroup;
			children = (
				619A4FAB1DB9458E00E1CF88 /* TheOneDetector.app */,
			);
			name = Products;
			sourceTree = "<group>";
		};
		619A4FAD1DB9458E00E1CF88 /* TheOneDetector */ = {
			isa = PBXGroup;
			children = (
				619A4FAE1DB9458F00E1CF88 /* AppDelegate.swift */,
				619A4FB01DB9458F00E1CF88 /* ViewController.swift */,
				619A4FB21DB9458F00E1CF88 /* Main.storyboard */,
				619A4FB51DB9458F00E1CF88 /* Assets.xcassets */,
				619A4FB71DB9458F00E1CF88 /* LaunchScreen.storyboard */,
				619A4FBA1DB9458F00E1CF88 /* Info.plist */,
			);
			path = TheOneDetector;
			sourceTree = "<group>";
		};
/* End PBXGroup section */

/* Begin PBXNativeTarget section */
		619A4FAA1DB9458E00E1CF88 /* TheOneDetector */ = {
			isa = PBXNativeTarget;
			buildConfigurationList = 619A4FBD1DB9458F00E1CF88 /* Build configuration list for PBXNativeTarget "TheOneDetector" */;
			buildPhases = (
				619A4FA71DB9458E00E1CF88 /* Sources */,
				619A4FA81DB9458E00E1CF88 /* Frameworks */,
				619A4FA91DB9458E00E1CF88 /* Resources */,
			);
			buildRules = (
			);
			dependencies = (
			);
			name = TheOneDetector;
			productName = TheOneDetector;
			productReference = 619A4FAB1DB9458E00E1CF88 /* TheOneDetector.app */;
			productType = "com.apple.product-type.application";
		};
/* End PBXNativeTarget section */

/* Begin PBXProject section */
		619A4FA31DB9458E00E1CF88 /* Project object */ = {
			isa = PBXProject;
			attributes = {
				LastSwiftUpdateCheck = 0800;
				LastUpgradeCheck = 0800;
				ORGANIZATIONNAME = hatotoINC;
				TargetAttributes = {
					619A4FAA1DB9458E00E1CF88 = {
						CreatedOnToolsVersion = 8.0;
						DevelopmentTeam = 6692FSTT8V;
						ProvisioningStyle = Automatic;
					};
				};
			};
			buildConfigurationList = 619A4FA61DB9458E00E1CF88 /* Build configuration list for PBXProject "TheOneDetector" */;
			compatibilityVersion = "Xcode 3.2";
			developmentRegion = English;
			hasScannedForEncodings = 0;
			knownRegions = (
				en,
				Base,
			);
			mainGroup = 619A4FA21DB9458E00E1CF88;
			productRefGroup = 619A4FAC1DB9458E00E1CF88 /* Products */;
			projectDirPath = "";
			projectRoot = "";
			targets = (
				619A4FAA1DB9458E00E1CF88 /* TheOneDetector */,
			);
		};
/* End PBXProject section */

/* Begin PBXResourcesBuildPhase section */
		619A4FA91DB9458E00E1CF88 /* Resources */ = {
			isa = PBXResourcesBuildPhase;
			buildActionMask = 2147483647;
			files = (
				619A4FB91DB9458F00E1CF88 /* LaunchScreen.storyboard in Resources */,
				619A4FB61DB9458F00E1CF88 /* Assets.xcassets in Resources */,
				619A4FB41DB9458F00E1CF88 /* Main.storyboard in Resources */,
			);
			runOnlyForDeploymentPostprocessing = 0;
		};
/* End PBXResourcesBuildPhase section */

/* Begin PBXSourcesBuildPhase section */
		619A4FA71DB9458E00E1CF88 /* Sources */ = {
			isa = PBXSourcesBuildPhase;
			buildActionMask = 2147483647;
			files = (
				619A4FB11DB9458F00E1CF88 /* ViewController.swift in Sources */,
				619A4FAF1DB9458F00E1CF88 /* AppDelegate.swift in Sources */,
			);
			runOnlyForDeploymentPostprocessing = 0;
		};
/* End PBXSourcesBuildPhase section */

/* Begin PBXVariantGroup section */
		619A4FB21DB9458F00E1CF88 /* Main.storyboard */ = {
			isa = PBXVariantGroup;
			children = (
				619A4FB31DB9458F00E1CF88 /* Base */,
			);
			name = Main.storyboard;
			sourceTree = "<group>";
		};
		619A4FB71DB9458F00E1CF88 /* LaunchScreen.storyboard */ = {
			isa = PBXVariantGroup;
			children = (
				619A4FB81DB9458F00E1CF88 /* Base */,
			);
			name = LaunchScreen.storyboard;
			sourceTree = "<group>";
		};
/* End PBXVariantGroup section */

/* Begin XCBuildConfiguration section */
		619A4FBB1DB9458F00E1CF88 /* Debug */ = {
			isa = XCBuildConfiguration;
			buildSettings = {
				ALWAYS_SEARCH_USER_PATHS = NO;
				CLANG_ANALYZER_NONNULL = YES;
				CLANG_CXX_LANGUAGE_STANDARD = "gnu++0x";
				CLANG_CXX_LIBRARY = "libc++";
				CLANG_ENABLE_MODULES = YES;
				CLANG_ENABLE_OBJC_ARC = YES;
				CLANG_WARN_BOOL_CONVERSION = YES;
				CLANG_WARN_CONSTANT_CONVERSION = YES;
				CLANG_WARN_DIRECT_OBJC_ISA_USAGE = YES_ERROR;
				CLANG_WARN_DOCUMENTATION_COMMENTS = YES;
				CLANG_WARN_EMPTY_BODY = YES;
				CLANG_WARN_ENUM_CONVERSION = YES;
				CLANG_WARN_INFINITE_RECURSION = YES;
				CLANG_WARN_INT_CONVERSION = YES;
				CLANG_WARN_OBJC_ROOT_CLASS = YES_ERROR;
				CLANG_WARN_SUSPICIOUS_MOVES = YES;
				CLANG_WARN_UNREACHABLE_CODE = YES;
				CLANG_WARN__DUPLICATE_METHOD_MATCH = YES;
				"CODE_SIGN_IDENTITY[sdk=iphoneos*]" = "iPhone Developer";
				COPY_PHASE_STRIP = NO;
				DEBUG_INFORMATION_FORMAT = dwarf;
				ENABLE_STRICT_OBJC_MSGSEND = YES;
				ENABLE_TESTABILITY = YES;
				GCC_C_LANGUAGE_STANDARD = gnu99;
				GCC_DYNAMIC_NO_PIC = NO;
				GCC_NO_COMMON_BLOCKS = YES;
				GCC_OPTIMIZATION_LEVEL = 0;
				GCC_PREPROCESSOR_DEFINITIONS = (
					"DEBUG=1",
					"$(inherited)",
				);
				GCC_WARN_64_TO_32_BIT_CONVERSION = YES;
				GCC_WARN_ABOUT_RETURN_TYPE = YES_ERROR;
				GCC_WARN_UNDECLARED_SELECTOR = YES;
				GCC_WARN_UNINITIALIZED_AUTOS = YES_AGGRESSIVE;
				GCC_WARN_UNUSED_FUNCTION = YES;
				GCC_WARN_UNUSED_VARIABLE = YES;
				IPHONEOS_DEPLOYMENT_TARGET = 10.0;
				MTL_ENABLE_DEBUG_INFO = YES;
				ONLY_ACTIVE_ARCH = YES;
				SDKROOT = iphoneos;
				SWIFT_ACTIVE_COMPILATION_CONDITIONS = DEBUG;
				SWIFT_OPTIMIZATION_LEVEL = "-Onone";
			};
			name = Debug;
		};
		619A4FBC1DB9458F00E1CF88 /* Release */ = {
			isa = XCBuildConfiguration;
			buildSettings = {
				ALWAYS_SEARCH_USER_PATHS = NO;
				CLANG_ANALYZER_NONNULL = YES;
				CLANG_CXX_LANGUAGE_STANDARD = "gnu++0x";
				CLANG_CXX_LIBRARY = "libc++";
				CLANG_ENABLE_MODULES = YES;
				CLANG_ENABLE_OBJC_ARC = YES;
				CLANG_WARN_BOOL_CONVERSION = YES;
				CLANG_WARN_CONSTANT_CONVERSION = YES;
				CLANG_WARN_DIRECT_OBJC_ISA_USAGE = YES_ERROR;
				CLANG_WARN_DOCUMENTATION_COMMENTS = YES;
				CLANG_WARN_EMPTY_BODY = YES;
				CLANG_WARN_ENUM_CONVERSION = YES;
				CLANG_WARN_INFINITE_RECURSION = YES;
				CLANG_WARN_INT_CONVERSION = YES;
				CLANG_WARN_OBJC_ROOT_CLASS = YES_ERROR;
				CLANG_WARN_SUSPICIOUS_MOVES = YES;
				CLANG_WARN_UNREACHABLE_CODE = YES;
				CLANG_WARN__DUPLICATE_METHOD_MATCH = YES;
				"CODE_SIGN_IDENTITY[sdk=iphoneos*]" = "iPhone Developer";
				COPY_PHASE_STRIP = NO;
				DEBUG_INFORMATION_FORMAT = "dwarf-with-dsym";
				ENABLE_NS_ASSERTIONS = NO;
				ENABLE_STRICT_OBJC_MSGSEND = YES;
				GCC_C_LANGUAGE_STANDARD = gnu99;
				GCC_NO_COMMON_BLOCKS = YES;
				GCC_WARN_64_TO_32_BIT_CONVERSION = YES;
				GCC_WARN_ABOUT_RETURN_TYPE = YES_ERROR;
				GCC_WARN_UNDECLARED_SELECTOR = YES;
				GCC_WARN_UNINITIALIZED_AUTOS = YES_AGGRESSIVE;
				GCC_WARN_UNUSED_FUNCTION = YES;
				GCC_WARN_UNUSED_VARIABLE = YES;
				IPHONEOS_DEPLOYMENT_TARGET = 10.0;
				MTL_ENABLE_DEBUG_INFO = NO;
				SDKROOT = iphoneos;
				SWIFT_OPTIMIZATION_LEVEL = "-Owholemodule";
				VALIDATE_PRODUCT = YES;
			};
			name = Release;
		};
		619A4FBE1DB9458F00E1CF88 /* Debug */ = {
			isa = XCBuildConfiguration;
			buildSettings = {
				ASSETCATALOG_COMPILER_APPICON_NAME = AppIcon;
				DEVELOPMENT_TEAM = 6692FSTT8V;
				INFOPLIST_FILE = TheOneDetector/Info.plist;
				LD_RUNPATH_SEARCH_PATHS = "$(inherited) @executable_path/Frameworks";
				PRODUCT_BUNDLE_IDENTIFIER = com.hatoto.TheOneDetector;
				PRODUCT_NAME = "$(TARGET_NAME)";
				SWIFT_VERSION = 3.0;
			};
			name = Debug;
		};
		619A4FBF1DB9458F00E1CF88 /* Release */ = {
			isa = XCBuildConfiguration;
			buildSettings = {
				ASSETCATALOG_COMPILER_APPICON_NAME = AppIcon;
				DEVELOPMENT_TEAM = 6692FSTT8V;
				INFOPLIST_FILE = TheOneDetector/Info.plist;
				LD_RUNPATH_SEARCH_PATHS = "$(inherited) @executable_path/Frameworks";
				PRODUCT_BUNDLE_IDENTIFIER = com.hatoto.TheOneDetector;
				PRODUCT_NAME = "$(TARGET_NAME)";
				SWIFT_VERSION = 3.0;
			};
			name = Release;
		};
/* End XCBuildConfiguration section */

/* Begin XCConfigurationList section */
		619A4FA61DB9458E00E1CF88 /* Build configuration list for PBXProject "TheOneDetector" */ = {
			isa = XCConfigurationList;
			buildConfigurations = (
				619A4FBB1DB9458F00E1CF88 /* Debug */,
				619A4FBC1DB9458F00E1CF88 /* Release */,
			);
			defaultConfigurationIsVisible = 0;
			defaultConfigurationName = Release;
		};
		619A4FBD1DB9458F00E1CF88 /* Build configuration list for PBXNativeTarget "TheOneDetector" */ = {
			isa = XCConfigurationList;
			buildConfigurations = (
				619A4FBE1DB9458F00E1CF88 /* Debug */,
				619A4FBF1DB9458F00E1CF88 /* Release */,
			);
			defaultConfigurationIsVisible = 0;
		};
/* End XCConfigurationList section */
	};
	rootObject = 619A4FA31DB9458E00E1CF88 /* Project object */;
}
